
Microsoft Visual Studio Solution File, Format Version 12.00
# Visual Studio Version 17
VisualStudioVersion = 17.8.34330.188
MinimumVisualStudioVersion = 10.0.40219.1
Project("{FAE04EC0-301F-11D3-BF4B-00C04F79EFBC}") = "Practos1", "Practos1\Practos1.csproj", "{146969D5-5E40-41C3-8355-EF17ADF69216}"
EndProject
Global
	GlobalSection(SolutionConfigurationPlatforms) = preSolution
		Debug|Any CPU = Debug|Any CPU
		Release|Any CPU = Release|Any CPU
	EndGlobalSection
	GlobalSection(ProjectConfigurationPlatforms) = postSolution
		{146969D5-5E40-41C3-8355-EF17ADF69216}.Debug|Any CPU.ActiveCfg = Debug|Any CPU
		{146969D5-5E40-41C3-8355-EF17ADF69216}.Debug|Any CPU.Build.0 = Debug|Any CPU
		{146969D5-5E40-41C3-8355-EF17ADF69216}.Release|Any CPU.ActiveCfg = Release|Any CPU
		{146969D5-5E40-41C3-8355-EF17ADF69216}.Release|Any CPU.Build.0 = Release|Any CPU
	EndGlobalSection
	GlobalSection(SolutionProperties) = preSolution
		HideSolutionNode = FALSE
	EndGlobalSection
	GlobalSection(ExtensibilityGlobals) = postSolution
		SolutionGuid = {6D4E7059-06BB-4CCA-8C52-B172EC84A275}
	EndGlobalSection
EndGlobal
